{
  "name": "arcaea-lib",
  "version": "1.0.2",
  "lockfileVersion": 1,
  "requires": true,
  "dependencies": {
    "@types/node": {
      "version": "12.12.17",
      "resolved": "http://registry.npm.oa.com/@types/node/download/@types/node-12.12.17.tgz",
      "integrity": "sha1-GRtx5/TDJe4PsjvEqZZHfZK4w5s=",
      "dev": true
    },
    "@types/uuid": {
      "version": "7.0.2",
      "resolved": "http://registry.npm.oa.com/@types/uuid/download/@types/uuid-7.0.2.tgz",
      "integrity": "sha1-1oCpxZbvhKv1xMB6Mv/WbVglJvg="
    },
    "axios": {
      "version": "0.21.1",
      "resolved": "http://registry.npm.oa.com/axios/download/axios-0.21.1.tgz",
      "integrity": "sha1-IlY0gZYvTWvemnbVFu8OXTwJsrg=",
      "requires": {
        "follow-redirects": "^1.10.0"
      }
    },
    "follow-redirects": {
      "version": "1.15.6",
      "resolved": "https://registry.npmjs.org/follow-redirects/-/follow-redirects-1.15.6.tgz",
      "integrity": "sha512-wWN62YITEaOpSK584EZXJafH1AGpO8RVgElfkuXbTOrPX4fIfOyEpW/CsiNd8JdYrAoOvafRTOEnvsO++qCqFA=="
    },
    "typescript": {
      "version": "3.8.3",
      "resolved": "https://registry.npm.taobao.org/typescript/download/typescript-3.8.3.tgz",
      "integrity": "sha1-QJ64VE6gM1cRIFhp7EWKsQnuEGE=",
      "dev": true
    },
    "uuid": {
      "version": "7.0.3",
      "resolved": "http://registry.npm.oa.com/uuid/download/uuid-7.0.3.tgz",
      "integrity": "sha1-xcnyyM8l3Ao3LE3xRBxB9b0MaAs="
    }
  }
}
